apiVersion: v1
kind: Pod
metadata:
  name: local-pv-test
spec:
  containers:
  - name: "shell"
    image: "ubuntu:14.04"
    command: ["/bin/sh", "-c"]
    args: ["echo 'hello world' > /cache/test.txt && sleep 1 && cat /cache/test.txt && sleep 3600"]
    volumeMounts:
    - mountPath: /cache
      name: local-ssd-storage
  volumes:
  - name: local-ssd-storage
    persistentVolumeClaim:
      claimName: example-local-claim